
Microsoft Visual Studio Solution File, Format Version 12.00
# Visual Studio 15
VisualStudioVersion = 15.0.27703.2035
MinimumVisualStudioVersion = 10.0.40219.1
Project("{FAE04EC0-301F-11D3-BF4B-00C04F79EFBC}") = "Evaluacion 1", "Evaluacion 1\Evaluacion 1.csproj", "{A5FA612E-8D20-4B4D-853C-5E2191F19266}"
EndProject
Project("{9A19103F-16F7-4668-BE54-9A1E7A4F7556}") = "Evaluacion 2", "Evaluacion 2\Evaluacion 2.csproj", "{5842639C-E8AC-4205-B4C5-837A483A9935}"
EndProject
Project("{9A19103F-16F7-4668-BE54-9A1E7A4F7556}") = "Conexion_api", "Conexion\Conexion_api.csproj", "{6970272E-7355-43B1-A247-684B56A4D514}"
EndProject
Project("{FAE04EC0-301F-11D3-BF4B-00C04F79EFBC}") = "Evaluacion 1.Test", "Evaluacion 1.Test\Evaluacion 1.Test.csproj", "{5330CDF9-7DB3-404C-AC86-57969CBD1B66}"
EndProject
Global
	GlobalSection(SolutionConfigurationPlatforms) = preSolution
		Debug|Any CPU = Debug|Any CPU
		Release|Any CPU = Release|Any CPU
	EndGlobalSection
	GlobalSection(ProjectConfigurationPlatforms) = postSolution
		{A5FA612E-8D20-4B4D-853C-5E2191F19266}.Debug|Any CPU.ActiveCfg = Debug|Any CPU
		{A5FA612E-8D20-4B4D-853C-5E2191F19266}.Debug|Any CPU.Build.0 = Debug|Any CPU
		{A5FA612E-8D20-4B4D-853C-5E2191F19266}.Release|Any CPU.ActiveCfg = Release|Any CPU
		{A5FA612E-8D20-4B4D-853C-5E2191F19266}.Release|Any CPU.Build.0 = Release|Any CPU
		{5842639C-E8AC-4205-B4C5-837A483A9935}.Debug|Any CPU.ActiveCfg = Debug|Any CPU
		{5842639C-E8AC-4205-B4C5-837A483A9935}.Debug|Any CPU.Build.0 = Debug|Any CPU
		{5842639C-E8AC-4205-B4C5-837A483A9935}.Release|Any CPU.ActiveCfg = Release|Any CPU
		{5842639C-E8AC-4205-B4C5-837A483A9935}.Release|Any CPU.Build.0 = Release|Any CPU
		{6970272E-7355-43B1-A247-684B56A4D514}.Debug|Any CPU.ActiveCfg = Debug|Any CPU
		{6970272E-7355-43B1-A247-684B56A4D514}.Debug|Any CPU.Build.0 = Debug|Any CPU
		{6970272E-7355-43B1-A247-684B56A4D514}.Release|Any CPU.ActiveCfg = Release|Any CPU
		{6970272E-7355-43B1-A247-684B56A4D514}.Release|Any CPU.Build.0 = Release|Any CPU
		{5330CDF9-7DB3-404C-AC86-57969CBD1B66}.Debug|Any CPU.ActiveCfg = Debug|Any CPU
		{5330CDF9-7DB3-404C-AC86-57969CBD1B66}.Debug|Any CPU.Build.0 = Debug|Any CPU
		{5330CDF9-7DB3-404C-AC86-57969CBD1B66}.Release|Any CPU.ActiveCfg = Release|Any CPU
		{5330CDF9-7DB3-404C-AC86-57969CBD1B66}.Release|Any CPU.Build.0 = Release|Any CPU
	EndGlobalSection
	GlobalSection(SolutionProperties) = preSolution
		HideSolutionNode = FALSE
	EndGlobalSection
	GlobalSection(ExtensibilityGlobals) = postSolution
		SolutionGuid = {2BB3C6E2-BF0D-4428-A2EA-95F2DC673C83}
	EndGlobalSection
EndGlobal
